
Microsoft Visual Studio Solution File, Format Version 12.00
# Visual Studio Version 16
VisualStudioVersion = 16.0.31205.134
MinimumVisualStudioVersion = 10.0.40219.1
Project("{FAE04EC0-301F-11D3-BF4B-00C04F79EFBC}") = "MVVMSample004", "MVVMSample004\MVVMSample004.csproj", "{BB761EC8-9961-46FF-8C75-D30E98F8A471}"
EndProject
Global
	GlobalSection(SolutionConfigurationPlatforms) = preSolution
		Debug|Any CPU = Debug|Any CPU
		Release|Any CPU = Release|Any CPU
	EndGlobalSection
	GlobalSection(ProjectConfigurationPlatforms) = postSolution
		{BB761EC8-9961-46FF-8C75-D30E98F8A471}.Debug|Any CPU.ActiveCfg = Debug|Any CPU
		{BB761EC8-9961-46FF-8C75-D30E98F8A471}.Debug|Any CPU.Build.0 = Debug|Any CPU
		{BB761EC8-9961-46FF-8C75-D30E98F8A471}.Release|Any CPU.ActiveCfg = Release|Any CPU
		{BB761EC8-9961-46FF-8C75-D30E98F8A471}.Release|Any CPU.Build.0 = Release|Any CPU
	EndGlobalSection
	GlobalSection(SolutionProperties) = preSolution
		HideSolutionNode = FALSE
	EndGlobalSection
	GlobalSection(ExtensibilityGlobals) = postSolution
		SolutionGuid = {861EC3CA-E7A4-41F6-9558-5E57363490B2}
	EndGlobalSection
EndGlobal
